// !$*UTF8*$!
{
	archiveVersion = 1;
	classes = {
	};
	objectVersion = 56;
	objects = {

/* Begin PBXBuildFile section */
		00535AEF2B51AF2F004C35C2 /* kfdoverwrite.swift in Sources */ = {isa = PBXBuildFile; fileRef = 00535AEE2B51AF2F004C35C2 /* kfdoverwrite.swift */; };
		00535AF12B51AFD5004C35C2 /* TrollOver.swift in Sources */ = {isa = PBXBuildFile; fileRef = 00535AF02B51AFD5004C35C2 /* TrollOver.swift */; };
		00A60A6F2B7F43BC00D986E3 /* fun.m in Sources */ = {isa = PBXBuildFile; fileRef = 00A60A4E2B7F43BC00D986E3 /* fun.m */; };
		00A60A702B7F43BC00D986E3 /* grant_full_disk_access.m in Sources */ = {isa = PBXBuildFile; fileRef = 00A60A4F2B7F43BC00D986E3 /* grant_full_disk_access.m */; };
		00A60A712B7F43BC00D986E3 /* helpers.m in Sources */ = {isa = PBXBuildFile; fileRef = 00A60A502B7F43BC00D986E3 /* helpers.m */; };
		00A60A722B7F43BC00D986E3 /* utils.m in Sources */ = {isa = PBXBuildFile; fileRef = 00A60A512B7F43BC00D986E3 /* utils.m */; };
		00A60A732B7F43BC00D986E3 /* thanks_opa334dev_htrowii.m in Sources */ = {isa = PBXBuildFile; fileRef = 00A60A522B7F43BC00D986E3 /* thanks_opa334dev_htrowii.m */; };
		00A60A742B7F43BC00D986E3 /* krw.c in Sources */ = {isa = PBXBuildFile; fileRef = 00A60A532B7F43BC00D986E3 /* krw.c */; };
		00A60A752B7F43BC00D986E3 /* offsets.m in Sources */ = {isa = PBXBuildFile; fileRef = 00A60A542B7F43BC00D986E3 /* offsets.m */; };
		00A60A762B7F43BC00D986E3 /* vnode.m in Sources */ = {isa = PBXBuildFile; fileRef = 00A60A552B7F43BC00D986E3 /* vnode.m */; };
		00A60A772B7F43BC00D986E3 /* proc.c in Sources */ = {isa = PBXBuildFile; fileRef = 00A60A562B7F43BC00D986E3 /* proc.c */; };
		297BA1092A310AE100D1E51A /* kfdApp.swift in Sources */ = {isa = PBXBuildFile; fileRef = 297BA1082A310AE100D1E51A /* kfdApp.swift */; };
		297BA10B2A310AE100D1E51A /* ContentView.swift in Sources */ = {isa = PBXBuildFile; fileRef = 297BA10A2A310AE100D1E51A /* ContentView.swift */; };
		297BA10D2A310AE200D1E51A /* Assets.xcassets in Resources */ = {isa = PBXBuildFile; fileRef = 297BA10C2A310AE200D1E51A /* Assets.xcassets */; };
		297BA1112A310AE200D1E51A /* Preview Assets.xcassets in Resources */ = {isa = PBXBuildFile; fileRef = 297BA1102A310AE200D1E51A /* Preview Assets.xcassets */; };
		3DF7C19D2B531DA8005A5FED /* Alert++.swift in Sources */ = {isa = PBXBuildFile; fileRef = 3DF7C19C2B531DA8005A5FED /* Alert++.swift */; };
		6E9204A52B331124001D38E5 /* IOKit.framework in Frameworks */ = {isa = PBXBuildFile; fileRef = 6E9204A42B331124001D38E5 /* IOKit.framework */; };
		6ED3B8252B4DC3C2008251E5 /* libMobileGestalt.tbd in Frameworks */ = {isa = PBXBuildFile; fileRef = 6ED3B8242B4DC3B8008251E5 /* libMobileGestalt.tbd */; };
		6ED3B8272B4DC3E5008251E5 /* libz.tbd in Frameworks */ = {isa = PBXBuildFile; fileRef = 6ED3B8262B4DC3DF008251E5 /* libz.tbd */; };
/* End PBXBuildFile section */

/* Begin PBXFileReference section */
		00535AEE2B51AF2F004C35C2 /* kfdoverwrite.swift */ = {isa = PBXFileReference; fileEncoding = 4; lastKnownFileType = sourcecode.swift; path = kfdoverwrite.swift; sourceTree = "<group>"; };
		00535AF02B51AFD5004C35C2 /* TrollOver.swift */ = {isa = PBXFileReference; lastKnownFileType = sourcecode.swift; path = TrollOver.swift; sourceTree = "<group>"; };
		00A60A482B7F43BC00D986E3 /* thanks_opa334dev_htrowii.h */ = {isa = PBXFileReference; fileEncoding = 4; lastKnownFileType = sourcecode.c.h; path = thanks_opa334dev_htrowii.h; sourceTree = "<group>"; };
		00A60A492B7F43BC00D986E3 /* utils.h */ = {isa = PBXFileReference; fileEncoding = 4; lastKnownFileType = sourcecode.c.h; path = utils.h; sourceTree = "<group>"; };
		00A60A4A2B7F43BC00D986E3 /* vnode.h */ = {isa = PBXFileReference; fileEncoding = 4; lastKnownFileType = sourcecode.c.h; path = vnode.h; sourceTree = "<group>"; };
		00A60A4B2B7F43BC00D986E3 /* proc.h */ = {isa = PBXFileReference; fileEncoding = 4; lastKnownFileType = sourcecode.c.h; path = proc.h; sourceTree = "<group>"; };
		00A60A4C2B7F43BC00D986E3 /* offsets.h */ = {isa = PBXFileReference; fileEncoding = 4; lastKnownFileType = sourcecode.c.h; path = offsets.h; sourceTree = "<group>"; };
		00A60A4D2B7F43BC00D986E3 /* krw.h */ = {isa = PBXFileReference; fileEncoding = 4; lastKnownFileType = sourcecode.c.h; path = krw.h; sourceTree = "<group>"; };
		00A60A4E2B7F43BC00D986E3 /* fun.m */ = {isa = PBXFileReference; fileEncoding = 4; lastKnownFileType = sourcecode.c.objc; path = fun.m; sourceTree = "<group>"; };
		00A60A4F2B7F43BC00D986E3 /* grant_full_disk_access.m */ = {isa = PBXFileReference; fileEncoding = 4; lastKnownFileType = sourcecode.c.objc; path = grant_full_disk_access.m; sourceTree = "<group>"; };
		00A60A502B7F43BC00D986E3 /* helpers.m */ = {isa = PBXFileReference; fileEncoding = 4; lastKnownFileType = sourcecode.c.objc; path = helpers.m; sourceTree = "<group>"; };
		00A60A512B7F43BC00D986E3 /* utils.m */ = {isa = PBXFileReference; fileEncoding = 4; lastKnownFileType = sourcecode.c.objc; path = utils.m; sourceTree = "<group>"; };
		00A60A522B7F43BC00D986E3 /* thanks_opa334dev_htrowii.m */ = {isa = PBXFileReference; fileEncoding = 4; lastKnownFileType = sourcecode.c.objc; path = thanks_opa334dev_htrowii.m; sourceTree = "<group>"; };
		00A60A532B7F43BC00D986E3 /* krw.c */ = {isa = PBXFileReference; fileEncoding = 4; lastKnownFileType = sourcecode.c.c; path = krw.c; sourceTree = "<group>"; };
		00A60A542B7F43BC00D986E3 /* offsets.m */ = {isa = PBXFileReference; fileEncoding = 4; lastKnownFileType = sourcecode.c.objc; path = offsets.m; sourceTree = "<group>"; };
		00A60A552B7F43BC00D986E3 /* vnode.m */ = {isa = PBXFileReference; fileEncoding = 4; lastKnownFileType = sourcecode.c.objc; path = vnode.m; sourceTree = "<group>"; };
		00A60A562B7F43BC00D986E3 /* proc.c */ = {isa = PBXFileReference; fileEncoding = 4; lastKnownFileType = sourcecode.c.c; path = proc.c; sourceTree = "<group>"; };
		00A60A572B7F43BC00D986E3 /* fun.h */ = {isa = PBXFileReference; fileEncoding = 4; lastKnownFileType = sourcecode.c.h; path = fun.h; sourceTree = "<group>"; };
		00A60A582B7F43BC00D986E3 /* helpers.h */ = {isa = PBXFileReference; fileEncoding = 4; lastKnownFileType = sourcecode.c.h; path = helpers.h; sourceTree = "<group>"; };
		00A60A592B7F43BC00D986E3 /* grant_full_disk_access.h */ = {isa = PBXFileReference; fileEncoding = 4; lastKnownFileType = sourcecode.c.h; path = grant_full_disk_access.h; sourceTree = "<group>"; };
		00A60A8E2B7F6AFB00D986E3 /* krkw.h */ = {isa = PBXFileReference; fileEncoding = 4; lastKnownFileType = sourcecode.c.h; path = krkw.h; sourceTree = "<group>"; };
		00A60A912B7F6AFB00D986E3 /* kread_sem_open.h */ = {isa = PBXFileReference; fileEncoding = 4; lastKnownFileType = sourcecode.c.h; path = kread_sem_open.h; sourceTree = "<group>"; };
		00A60A922B7F6AFB00D986E3 /* kread_kqueue_workloop_ctl.h */ = {isa = PBXFileReference; fileEncoding = 4; lastKnownFileType = sourcecode.c.h; path = kread_kqueue_workloop_ctl.h; sourceTree = "<group>"; };
		00A60A942B7F6AFB00D986E3 /* kwrite_sem_open.h */ = {isa = PBXFileReference; fileEncoding = 4; lastKnownFileType = sourcecode.c.h; path = kwrite_sem_open.h; sourceTree = "<group>"; };
		00A60A952B7F6AFB00D986E3 /* kwrite_dup.h */ = {isa = PBXFileReference; fileEncoding = 4; lastKnownFileType = sourcecode.c.h; path = kwrite_dup.h; sourceTree = "<group>"; };
		00A60A972B7F6AFB00D986E3 /* static_info.h */ = {isa = PBXFileReference; fileEncoding = 4; lastKnownFileType = sourcecode.c.h; path = static_info.h; sourceTree = "<group>"; };
		00A60A982B7F6AFB00D986E3 /* dynamic_info.h */ = {isa = PBXFileReference; fileEncoding = 4; lastKnownFileType = sourcecode.c.h; path = dynamic_info.h; sourceTree = "<group>"; };
		00A60A992B7F6AFB00D986E3 /* puaf.h */ = {isa = PBXFileReference; fileEncoding = 4; lastKnownFileType = sourcecode.c.h; path = puaf.h; sourceTree = "<group>"; };
		00A60A9A2B7F6AFB00D986E3 /* common.h */ = {isa = PBXFileReference; fileEncoding = 4; lastKnownFileType = sourcecode.c.h; path = common.h; sourceTree = "<group>"; };
		00A60A9C2B7F6AFB00D986E3 /* smith.h */ = {isa = PBXFileReference; fileEncoding = 4; lastKnownFileType = sourcecode.c.h; path = smith.h; sourceTree = "<group>"; };
		00A60A9D2B7F6AFB00D986E3 /* physpuppet.h */ = {isa = PBXFileReference; fileEncoding = 4; lastKnownFileType = sourcecode.c.h; path = physpuppet.h; sourceTree = "<group>"; };
		00A60A9E2B7F6AFB00D986E3 /* landa.h */ = {isa = PBXFileReference; fileEncoding = 4; lastKnownFileType = sourcecode.c.h; path = landa.h; sourceTree = "<group>"; };
		00A60A9F2B7F6AFB00D986E3 /* perf.h */ = {isa = PBXFileReference; fileEncoding = 4; lastKnownFileType = sourcecode.c.h; path = perf.h; sourceTree = "<group>"; };
		00A60AA02B7F6AFB00D986E3 /* info.h */ = {isa = PBXFileReference; fileEncoding = 4; lastKnownFileType = sourcecode.c.h; path = info.h; sourceTree = "<group>"; };
		00A60AA12B7F6AFB00D986E3 /* libkfd.h */ = {isa = PBXFileReference; fileEncoding = 4; lastKnownFileType = sourcecode.c.h; path = libkfd.h; sourceTree = "<group>"; };
		2965065D2A31565B0025D1A7 /* kfd-Bridging-Header.h */ = {isa = PBXFileReference; lastKnownFileType = sourcecode.c.h; path = "kfd-Bridging-Header.h"; sourceTree = "<group>"; };
		297BA1052A310AE100D1E51A /* kfd.app */ = {isa = PBXFileReference; explicitFileType = wrapper.application; includeInIndex = 0; path = kfd.app; sourceTree = BUILT_PRODUCTS_DIR; };
		297BA1082A310AE100D1E51A /* kfdApp.swift */ = {isa = PBXFileReference; lastKnownFileType = sourcecode.swift; path = kfdApp.swift; sourceTree = "<group>"; };
		297BA10A2A310AE100D1E51A /* ContentView.swift */ = {isa = PBXFileReference; lastKnownFileType = sourcecode.swift; path = ContentView.swift; sourceTree = "<group>"; };
		297BA10C2A310AE200D1E51A /* Assets.xcassets */ = {isa = PBXFileReference; lastKnownFileType = folder.assetcatalog; path = Assets.xcassets; sourceTree = "<group>"; };
		297BA10E2A310AE200D1E51A /* kfd.entitlements */ = {isa = PBXFileReference; lastKnownFileType = text.plist.entitlements; path = kfd.entitlements; sourceTree = "<group>"; };
		297BA1102A310AE200D1E51A /* Preview Assets.xcassets */ = {isa = PBXFileReference; lastKnownFileType = folder.assetcatalog; path = "Preview Assets.xcassets"; sourceTree = "<group>"; };
		3DF7C19C2B531DA8005A5FED /* Alert++.swift */ = {isa = PBXFileReference; lastKnownFileType = sourcecode.swift; path = "Alert++.swift"; sourceTree = "<group>"; };
		6E011ABC2B4C13330020F821 /* Info.plist */ = {isa = PBXFileReference; lastKnownFileType = text.plist; path = Info.plist; sourceTree = "<group>"; };
		6E9204A42B331124001D38E5 /* IOKit.framework */ = {isa = PBXFileReference; lastKnownFileType = wrapper.framework; name = IOKit.framework; path = Platforms/iPhoneOS.platform/Developer/SDKs/iPhoneOS17.2.sdk/System/Library/Frameworks/IOKit.framework; sourceTree = DEVELOPER_DIR; };
		6ED3B8242B4DC3B8008251E5 /* libMobileGestalt.tbd */ = {isa = PBXFileReference; lastKnownFileType = "sourcecode.text-based-dylib-definition"; name = libMobileGestalt.tbd; path = Platforms/iPhoneOS.platform/Developer/SDKs/iPhoneOS17.2.sdk/usr/lib/libMobileGestalt.tbd; sourceTree = DEVELOPER_DIR; };
		6ED3B8262B4DC3DF008251E5 /* libz.tbd */ = {isa = PBXFileReference; lastKnownFileType = "sourcecode.text-based-dylib-definition"; name = libz.tbd; path = Platforms/iPhoneOS.platform/Developer/SDKs/iPhoneOS17.2.sdk/usr/lib/libz.tbd; sourceTree = DEVELOPER_DIR; };
/* End PBXFileReference section */

/* Begin PBXFrameworksBuildPhase section */
		297BA1022A310AE100D1E51A /* Frameworks */ = {
			isa = PBXFrameworksBuildPhase;
			buildActionMask = 2147483647;
			files = (
				6E9204A52B331124001D38E5 /* IOKit.framework in Frameworks */,
				6ED3B8272B4DC3E5008251E5 /* libz.tbd in Frameworks */,
				6ED3B8252B4DC3C2008251E5 /* libMobileGestalt.tbd in Frameworks */,
			);
			runOnlyForDeploymentPostprocessing = 0;
		};
/* End PBXFrameworksBuildPhase section */

/* Begin PBXGroup section */
		00A60A472B7F43BC00D986E3 /* fun */ = {
			isa = PBXGroup;
			children = (
				00A60A482B7F43BC00D986E3 /* thanks_opa334dev_htrowii.h */,
				00A60A492B7F43BC00D986E3 /* utils.h */,
				00A60A4A2B7F43BC00D986E3 /* vnode.h */,
				00A60A4B2B7F43BC00D986E3 /* proc.h */,
				00A60A4C2B7F43BC00D986E3 /* offsets.h */,
				00A60A4D2B7F43BC00D986E3 /* krw.h */,
				00A60A4E2B7F43BC00D986E3 /* fun.m */,
				00A60A4F2B7F43BC00D986E3 /* grant_full_disk_access.m */,
				00A60A502B7F43BC00D986E3 /* helpers.m */,
				00A60A512B7F43BC00D986E3 /* utils.m */,
				00A60A522B7F43BC00D986E3 /* thanks_opa334dev_htrowii.m */,
				00A60A532B7F43BC00D986E3 /* krw.c */,
				00A60A542B7F43BC00D986E3 /* offsets.m */,
				00A60A552B7F43BC00D986E3 /* vnode.m */,
				00A60A562B7F43BC00D986E3 /* proc.c */,
				00A60A572B7F43BC00D986E3 /* fun.h */,
				00A60A582B7F43BC00D986E3 /* helpers.h */,
				00A60A592B7F43BC00D986E3 /* grant_full_disk_access.h */,
			);
			path = fun;
			sourceTree = "<group>";
		};
		00A60A8D2B7F6AFB00D986E3 /* libkfd */ = {
			isa = PBXGroup;
			children = (
				00A60A8E2B7F6AFB00D986E3 /* krkw.h */,
				00A60A8F2B7F6AFB00D986E3 /* krkw */,
				00A60A962B7F6AFB00D986E3 /* info */,
				00A60A992B7F6AFB00D986E3 /* puaf.h */,
				00A60A9A2B7F6AFB00D986E3 /* common.h */,
				00A60A9B2B7F6AFB00D986E3 /* puaf */,
				00A60A9F2B7F6AFB00D986E3 /* perf.h */,
				00A60AA02B7F6AFB00D986E3 /* info.h */,
			);
			path = libkfd;
			sourceTree = "<group>";
		};
		00A60A8F2B7F6AFB00D986E3 /* krkw */ = {
			isa = PBXGroup;
			children = (
				00A60A902B7F6AFB00D986E3 /* kread */,
				00A60A932B7F6AFB00D986E3 /* kwrite */,
			);
			path = krkw;
			sourceTree = "<group>";
		};
		00A60A902B7F6AFB00D986E3 /* kread */ = {
			isa = PBXGroup;
			children = (
				00A60A912B7F6AFB00D986E3 /* kread_sem_open.h */,
				00A60A922B7F6AFB00D986E3 /* kread_kqueue_workloop_ctl.h */,
			);
			path = kread;
			sourceTree = "<group>";
		};
		00A60A932B7F6AFB00D986E3 /* kwrite */ = {
			isa = PBXGroup;
			children = (
				00A60A942B7F6AFB00D986E3 /* kwrite_sem_open.h */,
				00A60A952B7F6AFB00D986E3 /* kwrite_dup.h */,
			);
			path = kwrite;
			sourceTree = "<group>";
		};
		00A60A962B7F6AFB00D986E3 /* info */ = {
			isa = PBXGroup;
			children = (
				00A60A972B7F6AFB00D986E3 /* static_info.h */,
				00A60A982B7F6AFB00D986E3 /* dynamic_info.h */,
			);
			path = info;
			sourceTree = "<group>";
		};
		00A60A9B2B7F6AFB00D986E3 /* puaf */ = {
			isa = PBXGroup;
			children = (
				00A60A9C2B7F6AFB00D986E3 /* smith.h */,
				00A60A9D2B7F6AFB00D986E3 /* physpuppet.h */,
				00A60A9E2B7F6AFB00D986E3 /* landa.h */,
			);
			path = puaf;
			sourceTree = "<group>";
		};
		297BA0FC2A310AE100D1E51A = {
			isa = PBXGroup;
			children = (
				297BA1072A310AE100D1E51A /* kfd */,
				297BA1062A310AE100D1E51A /* Products */,
				6E9204A32B331123001D38E5 /* Frameworks */,
			);
			sourceTree = "<group>";
		};
		297BA1062A310AE100D1E51A /* Products */ = {
			isa = PBXGroup;
			children = (
				297BA1052A310AE100D1E51A /* kfd.app */,
			);
			name = Products;
			sourceTree = "<group>";
		};
		297BA1072A310AE100D1E51A /* kfd */ = {
			isa = PBXGroup;
			children = (
				6E011ABC2B4C13330020F821 /* Info.plist */,
				297BA10C2A310AE200D1E51A /* Assets.xcassets */,
				297BA10A2A310AE100D1E51A /* ContentView.swift */,
				3DF7C19C2B531DA8005A5FED /* Alert++.swift */,
				00535AF02B51AFD5004C35C2 /* TrollOver.swift */,
				00535AEE2B51AF2F004C35C2 /* kfdoverwrite.swift */,
				2965065D2A31565B0025D1A7 /* kfd-Bridging-Header.h */,
				297BA10E2A310AE200D1E51A /* kfd.entitlements */,
				297BA1082A310AE100D1E51A /* kfdApp.swift */,
				00A60A8D2B7F6AFB00D986E3 /* libkfd */,
				00A60AA12B7F6AFB00D986E3 /* libkfd.h */,
				00A60A472B7F43BC00D986E3 /* fun */,
				297BA10F2A310AE200D1E51A /* Preview Content */,
			);
			path = kfd;
			sourceTree = "<group>";
		};
		297BA10F2A310AE200D1E51A /* Preview Content */ = {
			isa = PBXGroup;
			children = (
				297BA1102A310AE200D1E51A /* Preview Assets.xcassets */,
			);
			path = "Preview Content";
			sourceTree = "<group>";
		};
		6E9204A32B331123001D38E5 /* Frameworks */ = {
			isa = PBXGroup;
			children = (
				6ED3B8262B4DC3DF008251E5 /* libz.tbd */,
				6ED3B8242B4DC3B8008251E5 /* libMobileGestalt.tbd */,
				6E9204A42B331124001D38E5 /* IOKit.framework */,
			);
			name = Frameworks;
			sourceTree = "<group>";
		};
/* End PBXGroup section */

/* Begin PBXNativeTarget section */
		297BA1042A310AE100D1E51A /* kfd */ = {
			isa = PBXNativeTarget;
			buildConfigurationList = 297BA1142A310AE200D1E51A /* Build configuration list for PBXNativeTarget "kfd" */;
			buildPhases = (
				297BA1012A310AE100D1E51A /* Sources */,
				297BA1022A310AE100D1E51A /* Frameworks */,
				297BA1032A310AE100D1E51A /* Resources */,
			);
			buildRules = (
			);
			dependencies = (
			);
			name = kfd;
			productName = kfd;
			productReference = 297BA1052A310AE100D1E51A /* kfd.app */;
			productType = "com.apple.product-type.application";
		};
/* End PBXNativeTarget section */

/* Begin PBXProject section */
		297BA0FD2A310AE100D1E51A /* Project object */ = {
			isa = PBXProject;
			attributes = {
				BuildIndependentTargetsInParallel = 1;
				LastSwiftUpdateCheck = 1430;
				LastUpgradeCheck = 1430;
				TargetAttributes = {
					297BA1042A310AE100D1E51A = {
						CreatedOnToolsVersion = 14.3.1;
						LastSwiftMigration = 1430;
					};
				};
			};
			buildConfigurationList = 297BA1002A310AE100D1E51A /* Build configuration list for PBXProject "kfd" */;
			compatibilityVersion = "Xcode 14.0";
			developmentRegion = en;
			hasScannedForEncodings = 0;
			knownRegions = (
				en,
				Base,
			);
			mainGroup = 297BA0FC2A310AE100D1E51A;
			productRefGroup = 297BA1062A310AE100D1E51A /* Products */;
			projectDirPath = "";
			projectRoot = "";
			targets = (
				297BA1042A310AE100D1E51A /* kfd */,
			);
		};
/* End PBXProject section */

/* Begin PBXResourcesBuildPhase section */
		297BA1032A310AE100D1E51A /* Resources */ = {
			isa = PBXResourcesBuildPhase;
			buildActionMask = 2147483647;
			files = (
				297BA1112A310AE200D1E51A /* Preview Assets.xcassets in Resources */,
				297BA10D2A310AE200D1E51A /* Assets.xcassets in Resources */,
			);
			runOnlyForDeploymentPostprocessing = 0;
		};
/* End PBXResourcesBuildPhase section */

/* Begin PBXSourcesBuildPhase section */
		297BA1012A310AE100D1E51A /* Sources */ = {
			isa = PBXSourcesBuildPhase;
			buildActionMask = 2147483647;
			files = (
				00A60A742B7F43BC00D986E3 /* krw.c in Sources */,
				297BA10B2A310AE100D1E51A /* ContentView.swift in Sources */,
				00535AEF2B51AF2F004C35C2 /* kfdoverwrite.swift in Sources */,
				00A60A762B7F43BC00D986E3 /* vnode.m in Sources */,
				00535AF12B51AFD5004C35C2 /* TrollOver.swift in Sources */,
				00A60A702B7F43BC00D986E3 /* grant_full_disk_access.m in Sources */,
				00A60A6F2B7F43BC00D986E3 /* fun.m in Sources */,
				297BA1092A310AE100D1E51A /* kfdApp.swift in Sources */,
				00A60A722B7F43BC00D986E3 /* utils.m in Sources */,
				3DF7C19D2B531DA8005A5FED /* Alert++.swift in Sources */,
				00A60A712B7F43BC00D986E3 /* helpers.m in Sources */,
				00A60A752B7F43BC00D986E3 /* offsets.m in Sources */,
				00A60A732B7F43BC00D986E3 /* thanks_opa334dev_htrowii.m in Sources */,
				00A60A772B7F43BC00D986E3 /* proc.c in Sources */,
			);
			runOnlyForDeploymentPostprocessing = 0;
		};
/* End PBXSourcesBuildPhase section */

/* Begin XCBuildConfiguration section */
		297BA1122A310AE200D1E51A /* Debug */ = {
			isa = XCBuildConfiguration;
			buildSettings = {
				ALWAYS_SEARCH_USER_PATHS = NO;
				CLANG_ANALYZER_NONNULL = YES;
				CLANG_ANALYZER_NUMBER_OBJECT_CONVERSION = YES_AGGRESSIVE;
				CLANG_CXX_LANGUAGE_STANDARD = "gnu++20";
				CLANG_ENABLE_MODULES = YES;
				CLANG_ENABLE_OBJC_ARC = YES;
				CLANG_ENABLE_OBJC_WEAK = YES;
				CLANG_WARN_BLOCK_CAPTURE_AUTORELEASING = YES;
				CLANG_WARN_BOOL_CONVERSION = YES;
				CLANG_WARN_COMMA = YES;
				CLANG_WARN_CONSTANT_CONVERSION = YES;
				CLANG_WARN_DEPRECATED_OBJC_IMPLEMENTATIONS = YES;
				CLANG_WARN_DIRECT_OBJC_ISA_USAGE = YES_ERROR;
				CLANG_WARN_DOCUMENTATION_COMMENTS = YES;
				CLANG_WARN_EMPTY_BODY = YES;
				CLANG_WARN_ENUM_CONVERSION = YES;
				CLANG_WARN_INFINITE_RECURSION = YES;
				CLANG_WARN_INT_CONVERSION = YES;
				CLANG_WARN_NON_LITERAL_NULL_CONVERSION = YES;
				CLANG_WARN_OBJC_IMPLICIT_RETAIN_SELF = YES;
				CLANG_WARN_OBJC_LITERAL_CONVERSION = YES;
				CLANG_WARN_OBJC_ROOT_CLASS = YES_ERROR;
				CLANG_WARN_QUOTED_INCLUDE_IN_FRAMEWORK_HEADER = YES;
				CLANG_WARN_RANGE_LOOP_ANALYSIS = YES;
				CLANG_WARN_STRICT_PROTOTYPES = YES;
				CLANG_WARN_SUSPICIOUS_MOVE = YES;
				CLANG_WARN_UNGUARDED_AVAILABILITY = YES_AGGRESSIVE;
				CLANG_WARN_UNREACHABLE_CODE = YES;
				CLANG_WARN__DUPLICATE_METHOD_MATCH = YES;
				COPY_PHASE_STRIP = NO;
				DEBUG_INFORMATION_FORMAT = dwarf;
				ENABLE_STRICT_OBJC_MSGSEND = YES;
				ENABLE_TESTABILITY = YES;
				GCC_C_LANGUAGE_STANDARD = gnu11;
				GCC_DYNAMIC_NO_PIC = NO;
				GCC_NO_COMMON_BLOCKS = YES;
				GCC_OPTIMIZATION_LEVEL = 0;
				GCC_PREPROCESSOR_DEFINITIONS = (
					"DEBUG=1",
					"$(inherited)",
				);
				GCC_WARN_64_TO_32_BIT_CONVERSION = YES;
				GCC_WARN_ABOUT_RETURN_TYPE = YES_ERROR;
				GCC_WARN_UNDECLARED_SELECTOR = YES;
				GCC_WARN_UNINITIALIZED_AUTOS = YES_AGGRESSIVE;
				GCC_WARN_UNUSED_FUNCTION = YES;
				GCC_WARN_UNUSED_VARIABLE = YES;
				INFOPLIST_KEY_NSAppleMusicUsageDescription = "Full access to files on your device is required to apply tweaks.";
				MTL_ENABLE_DEBUG_INFO = INCLUDE_SOURCE;
				MTL_FAST_MATH = YES;
				ONLY_ACTIVE_ARCH = YES;
				SWIFT_ACTIVE_COMPILATION_CONDITIONS = DEBUG;
				SWIFT_OPTIMIZATION_LEVEL = "-Onone";
			};
			name = Debug;
		};
		297BA1132A310AE200D1E51A /* Release */ = {
			isa = XCBuildConfiguration;
			buildSettings = {
				ALWAYS_SEARCH_USER_PATHS = NO;
				CLANG_ANALYZER_NONNULL = YES;
				CLANG_ANALYZER_NUMBER_OBJECT_CONVERSION = YES_AGGRESSIVE;
				CLANG_CXX_LANGUAGE_STANDARD = "gnu++20";
				CLANG_ENABLE_MODULES = YES;
				CLANG_ENABLE_OBJC_ARC = YES;
				CLANG_ENABLE_OBJC_WEAK = YES;
				CLANG_WARN_BLOCK_CAPTURE_AUTORELEASING = YES;
				CLANG_WARN_BOOL_CONVERSION = YES;
				CLANG_WARN_COMMA = YES;
				CLANG_WARN_CONSTANT_CONVERSION = YES;
				CLANG_WARN_DEPRECATED_OBJC_IMPLEMENTATIONS = YES;
				CLANG_WARN_DIRECT_OBJC_ISA_USAGE = YES_ERROR;
				CLANG_WARN_DOCUMENTATION_COMMENTS = YES;
				CLANG_WARN_EMPTY_BODY = YES;
				CLANG_WARN_ENUM_CONVERSION = YES;
				CLANG_WARN_INFINITE_RECURSION = YES;
				CLANG_WARN_INT_CONVERSION = YES;
				CLANG_WARN_NON_LITERAL_NULL_CONVERSION = YES;
				CLANG_WARN_OBJC_IMPLICIT_RETAIN_SELF = YES;
				CLANG_WARN_OBJC_LITERAL_CONVERSION = YES;
				CLANG_WARN_OBJC_ROOT_CLASS = YES_ERROR;
				CLANG_WARN_QUOTED_INCLUDE_IN_FRAMEWORK_HEADER = YES;
				CLANG_WARN_RANGE_LOOP_ANALYSIS = YES;
				CLANG_WARN_STRICT_PROTOTYPES = YES;
				CLANG_WARN_SUSPICIOUS_MOVE = YES;
				CLANG_WARN_UNGUARDED_AVAILABILITY = YES_AGGRESSIVE;
				CLANG_WARN_UNREACHABLE_CODE = YES;
				CLANG_WARN__DUPLICATE_METHOD_MATCH = YES;
				COPY_PHASE_STRIP = NO;
				DEBUG_INFORMATION_FORMAT = "dwarf-with-dsym";
				ENABLE_NS_ASSERTIONS = NO;
				ENABLE_STRICT_OBJC_MSGSEND = YES;
				GCC_C_LANGUAGE_STANDARD = gnu11;
				GCC_NO_COMMON_BLOCKS = YES;
				GCC_WARN_64_TO_32_BIT_CONVERSION = YES;
				GCC_WARN_ABOUT_RETURN_TYPE = YES_ERROR;
				GCC_WARN_UNDECLARED_SELECTOR = YES;
				GCC_WARN_UNINITIALIZED_AUTOS = YES_AGGRESSIVE;
				GCC_WARN_UNUSED_FUNCTION = YES;
				GCC_WARN_UNUSED_VARIABLE = YES;
				INFOPLIST_KEY_NSAppleMusicUsageDescription = "Full access to files on your device is required to apply tweaks.";
				MTL_ENABLE_DEBUG_INFO = NO;
				MTL_FAST_MATH = YES;
				SWIFT_COMPILATION_MODE = wholemodule;
				SWIFT_OPTIMIZATION_LEVEL = "-O";
			};
			name = Release;
		};
		297BA1152A310AE200D1E51A /* Debug */ = {
			isa = XCBuildConfiguration;
			buildSettings = {
				ASSETCATALOG_COMPILER_APPICON_NAME = AppIcon;
				ASSETCATALOG_COMPILER_GLOBAL_ACCENT_COLOR_NAME = AccentColor;
				CLANG_ENABLE_MODULES = YES;
				CODE_SIGN_ENTITLEMENTS = kfd/kfd.entitlements;
				CODE_SIGN_STYLE = Automatic;
				CURRENT_PROJECT_VERSION = 1;
				DEVELOPMENT_ASSET_PATHS = "\"kfd/Preview Content\"";
				DEVELOPMENT_TEAM = 76QDYF5NP6;
				ENABLE_HARDENED_RUNTIME = YES;
				ENABLE_PREVIEWS = YES;
				GENERATE_INFOPLIST_FILE = YES;
				INFOPLIST_FILE = kfd/Info.plist;
				INFOPLIST_KEY_CFBundleDisplayName = TrollStar;
				INFOPLIST_KEY_NSAppleMusicUsageDescription = "Full access to files on your device is required to apply tweaks.";
				"INFOPLIST_KEY_UIApplicationSceneManifest_Generation[sdk=iphoneos*]" = YES;
				"INFOPLIST_KEY_UIApplicationSceneManifest_Generation[sdk=iphonesimulator*]" = YES;
				"INFOPLIST_KEY_UIApplicationSupportsIndirectInputEvents[sdk=iphoneos*]" = YES;
				"INFOPLIST_KEY_UIApplicationSupportsIndirectInputEvents[sdk=iphonesimulator*]" = YES;
				"INFOPLIST_KEY_UILaunchScreen_Generation[sdk=iphoneos*]" = YES;
				"INFOPLIST_KEY_UILaunchScreen_Generation[sdk=iphonesimulator*]" = YES;
				"INFOPLIST_KEY_UIStatusBarStyle[sdk=iphoneos*]" = UIStatusBarStyleDefault;
				"INFOPLIST_KEY_UIStatusBarStyle[sdk=iphonesimulator*]" = UIStatusBarStyleDefault;
				INFOPLIST_KEY_UISupportedInterfaceOrientations_iPad = "UIInterfaceOrientationPortrait UIInterfaceOrientationPortraitUpsideDown UIInterfaceOrientationLandscapeLeft UIInterfaceOrientationLandscapeRight";
				INFOPLIST_KEY_UISupportedInterfaceOrientations_iPhone = "UIInterfaceOrientationPortrait UIInterfaceOrientationLandscapeLeft UIInterfaceOrientationLandscapeRight";
				IPHONEOS_DEPLOYMENT_TARGET = 16.0;
				LD_RUNPATH_SEARCH_PATHS = "@executable_path/Frameworks";
				"LD_RUNPATH_SEARCH_PATHS[sdk=macosx*]" = "@executable_path/../Frameworks";
				LIBRARY_SEARCH_PATHS = (
					"$(inherited)",
					"$(PROJECT_DIR)/kfd/fun/kpf/libgrabkernel/deps/curl-static",
					"$(PROJECT_DIR)/kfd/fun/kpf/libgrabkernel/deps",
				);
				MACOSX_DEPLOYMENT_TARGET = 13.3;
				MARKETING_VERSION = 2.0;
				PRODUCT_BUNDLE_IDENTIFIER = com.34306.trollforce2;
				PRODUCT_NAME = "$(TARGET_NAME)";
				SDKROOT = auto;
				SUPPORTED_PLATFORMS = "iphoneos iphonesimulator";
				SUPPORTS_MACCATALYST = NO;
				SWIFT_EMIT_LOC_STRINGS = YES;
				SWIFT_OBJC_BRIDGING_HEADER = "kfd/kfd-Bridging-Header.h";
				SWIFT_OPTIMIZATION_LEVEL = "-Onone";
				SWIFT_VERSION = 5.0;
				TARGETED_DEVICE_FAMILY = "1,2";
			};
			name = Debug;
		};
		297BA1162A310AE200D1E51A /* Release */ = {
			isa = XCBuildConfiguration;
			buildSettings = {
				ASSETCATALOG_COMPILER_APPICON_NAME = AppIcon;
				ASSETCATALOG_COMPILER_GLOBAL_ACCENT_COLOR_NAME = AccentColor;
				CLANG_ENABLE_MODULES = YES;
				CODE_SIGN_ENTITLEMENTS = kfd/kfd.entitlements;
				CODE_SIGN_STYLE = Automatic;
				CURRENT_PROJECT_VERSION = 1;
				DEVELOPMENT_ASSET_PATHS = "\"kfd/Preview Content\"";
				DEVELOPMENT_TEAM = 76QDYF5NP6;
				ENABLE_HARDENED_RUNTIME = YES;
				ENABLE_PREVIEWS = YES;
				GENERATE_INFOPLIST_FILE = YES;
				INFOPLIST_FILE = kfd/Info.plist;
				INFOPLIST_KEY_CFBundleDisplayName = TrollStar;
				INFOPLIST_KEY_NSAppleMusicUsageDescription = "Full access to files on your device is required to apply tweaks.";
				"INFOPLIST_KEY_UIApplicationSceneManifest_Generation[sdk=iphoneos*]" = YES;
				"INFOPLIST_KEY_UIApplicationSceneManifest_Generation[sdk=iphonesimulator*]" = YES;
				"INFOPLIST_KEY_UIApplicationSupportsIndirectInputEvents[sdk=iphoneos*]" = YES;
				"INFOPLIST_KEY_UIApplicationSupportsIndirectInputEvents[sdk=iphonesimulator*]" = YES;
				"INFOPLIST_KEY_UILaunchScreen_Generation[sdk=iphoneos*]" = YES;
				"INFOPLIST_KEY_UILaunchScreen_Generation[sdk=iphonesimulator*]" = YES;
				"INFOPLIST_KEY_UIStatusBarStyle[sdk=iphoneos*]" = UIStatusBarStyleDefault;
				"INFOPLIST_KEY_UIStatusBarStyle[sdk=iphonesimulator*]" = UIStatusBarStyleDefault;
				INFOPLIST_KEY_UISupportedInterfaceOrientations_iPad = "UIInterfaceOrientationPortrait UIInterfaceOrientationPortraitUpsideDown UIInterfaceOrientationLandscapeLeft UIInterfaceOrientationLandscapeRight";
				INFOPLIST_KEY_UISupportedInterfaceOrientations_iPhone = "UIInterfaceOrientationPortrait UIInterfaceOrientationLandscapeLeft UIInterfaceOrientationLandscapeRight";
				IPHONEOS_DEPLOYMENT_TARGET = 16.0;
				LD_RUNPATH_SEARCH_PATHS = "@executable_path/Frameworks";
				"LD_RUNPATH_SEARCH_PATHS[sdk=macosx*]" = "@executable_path/../Frameworks";
				LIBRARY_SEARCH_PATHS = (
					"$(inherited)",
					"$(PROJECT_DIR)/kfd/fun/kpf/libgrabkernel/deps/curl-static",
					"$(PROJECT_DIR)/kfd/fun/kpf/libgrabkernel/deps",
				);
				MACOSX_DEPLOYMENT_TARGET = 13.3;
				MARKETING_VERSION = 2.0;
				PRODUCT_BUNDLE_IDENTIFIER = com.34306.trollforce2;
				PRODUCT_NAME = "$(TARGET_NAME)";
				SDKROOT = auto;
				SUPPORTED_PLATFORMS = "iphoneos iphonesimulator";
				SUPPORTS_MACCATALYST = NO;
				SWIFT_EMIT_LOC_STRINGS = YES;
				SWIFT_OBJC_BRIDGING_HEADER = "kfd/kfd-Bridging-Header.h";
				SWIFT_VERSION = 5.0;
				TARGETED_DEVICE_FAMILY = "1,2";
			};
			name = Release;
		};
/* End XCBuildConfiguration section */

/* Begin XCConfigurationList section */
		297BA1002A310AE100D1E51A /* Build configuration list for PBXProject "kfd" */ = {
			isa = XCConfigurationList;
			buildConfigurations = (
				297BA1122A310AE200D1E51A /* Debug */,
				297BA1132A310AE200D1E51A /* Release */,
			);
			defaultConfigurationIsVisible = 0;
			defaultConfigurationName = Release;
		};
		297BA1142A310AE200D1E51A /* Build configuration list for PBXNativeTarget "kfd" */ = {
			isa = XCConfigurationList;
			buildConfigurations = (
				297BA1152A310AE200D1E51A /* Debug */,
				297BA1162A310AE200D1E51A /* Release */,
			);
			defaultConfigurationIsVisible = 0;
			defaultConfigurationName = Release;
		};
/* End XCConfigurationList section */
	};
	rootObject = 297BA0FD2A310AE100D1E51A /* Project object */;
}
